
Microsoft Visual Studio Solution File, Format Version 12.00
# Visual Studio 14
VisualStudioVersion = 14.0.23107.0
MinimumVisualStudioVersion = 10.0.40219.1
Project("{FAE04EC0-301F-11D3-BF4B-00C04F79EFBC}") = "MyConsole2", "MyConsole2\MyConsole2.csproj", "{81505367-77C3-4DD2-8928-9E33F6C8CABB}"
EndProject
Global
	GlobalSection(SolutionConfigurationPlatforms) = preSolution
		Debug|Any CPU = Debug|Any CPU
		Release|Any CPU = Release|Any CPU
	EndGlobalSection
	GlobalSection(ProjectConfigurationPlatforms) = postSolution
		{81505367-77C3-4DD2-8928-9E33F6C8CABB}.Debug|Any CPU.ActiveCfg = Debug|Any CPU
		{81505367-77C3-4DD2-8928-9E33F6C8CABB}.Debug|Any CPU.Build.0 = Debug|Any CPU
		{81505367-77C3-4DD2-8928-9E33F6C8CABB}.Release|Any CPU.ActiveCfg = Release|Any CPU
		{81505367-77C3-4DD2-8928-9E33F6C8CABB}.Release|Any CPU.Build.0 = Release|Any CPU
	EndGlobalSection
	GlobalSection(SolutionProperties) = preSolution
		HideSolutionNode = FALSE
	EndGlobalSection
EndGlobal
